
Microsoft Visual Studio Solution File, Format Version 12.00
# Visual Studio Version 17
VisualStudioVersion = 17.5.33530.505
MinimumVisualStudioVersion = 10.0.40219.1
Project("{FAE04EC0-301F-11D3-BF4B-00C04F79EFBC}") = "WebApiValidCustom", "WebApiValidCustom.csproj", "{D356AE44-3826-4850-9B0C-1730950EFCDA}"
EndProject
Global
	GlobalSection(SolutionConfigurationPlatforms) = preSolution
		Debug|Any CPU = Debug|Any CPU
		Release|Any CPU = Release|Any CPU
	EndGlobalSection
	GlobalSection(ProjectConfigurationPlatforms) = postSolution
		{D356AE44-3826-4850-9B0C-1730950EFCDA}.Debug|Any CPU.ActiveCfg = Debug|Any CPU
		{D356AE44-3826-4850-9B0C-1730950EFCDA}.Debug|Any CPU.Build.0 = Debug|Any CPU
		{D356AE44-3826-4850-9B0C-1730950EFCDA}.Release|Any CPU.ActiveCfg = Release|Any CPU
		{D356AE44-3826-4850-9B0C-1730950EFCDA}.Release|Any CPU.Build.0 = Release|Any CPU
	EndGlobalSection
	GlobalSection(SolutionProperties) = preSolution
		HideSolutionNode = FALSE
	EndGlobalSection
	GlobalSection(ExtensibilityGlobals) = postSolution
		SolutionGuid = {5A6718B1-7988-4D1A-9B39-72A98CD9BEF7}
	EndGlobalSection
EndGlobal
